
Microsoft Visual Studio Solution File, Format Version 12.00
# Visual Studio Version 16
VisualStudioVersion = 16.0.30611.23
MinimumVisualStudioVersion = 10.0.40219.1
Project("{8BC9CEB8-8B4A-11D0-8D11-00A0C91BC942}") = "TestELC", "TestELC\TestELC.vcxproj", "{44323BD6-D436-41BC-9B3C-4A419679EAD8}"
EndProject
Project("{8BC9CEB8-8B4A-11D0-8D11-00A0C91BC942}") = "ELCI2200", "ELCi2200\ELCI2200.vcxproj", "{180AFDD6-45EB-4D4F-9945-5A9594AFFC34}"
EndProject
Project("{2150E333-8FDC-42A3-9474-1A3956D46DE8}") = "Solution Items", "Solution Items", "{2A3FDCCA-6C73-46BC-B864-0AABA20C424F}"
	ProjectSection(SolutionItems) = preProject
		.editorconfig = .editorconfig
		ELCi2200-ATEN UC232B.pdf = ELCi2200-ATEN UC232B.pdf
		nuget.nuspec = nuget.nuspec
		Protocole_cheque_C4000.pdf = Protocole_cheque_C4000.pdf
		Protocole_cheque_Elite 200.pdf = Protocole_cheque_Elite 200.pdf
		README.md = README.md
	EndProjectSection
EndProject
Project("{F184B08F-C81C-45F6-A57F-5ABD9991F28F}") = "ELCManager", "ELCManager\ELCManager.vbproj", "{466CFBC7-2717-437A-AA49-D585AB179564}"
EndProject
Project("{FAE04EC0-301F-11D3-BF4B-00C04F79EFBC}") = "ELCDotNet", "ELCDotNet\ELCDotNet.csproj", "{1C0161EF-5DA5-4494-A95B-B23C60D8E3DF}"
	ProjectSection(ProjectDependencies) = postProject
		{180AFDD6-45EB-4D4F-9945-5A9594AFFC34} = {180AFDD6-45EB-4D4F-9945-5A9594AFFC34}
	EndProjectSection
EndProject
Project("{FAE04EC0-301F-11D3-BF4B-00C04F79EFBC}") = "TestCheck", "TestCheck\TestCheck.csproj", "{31BED019-4887-494B-AA59-33ABBF5D1019}"
EndProject
Project("{8BC9CEB8-8B4A-11D0-8D11-00A0C91BC942}") = "ELCi2200S", "ELCi2200S\ELCi2200S.vcxproj", "{E05AFFAB-217F-4C02-833C-0FB2EB37DA3B}"
EndProject
Project("{8BC9CEB8-8B4A-11D0-8D11-00A0C91BC942}") = "TestELCS", "TestELCS\TestELCS.vcxproj", "{8E0C309F-600A-4811-B93B-D9A312CA99FE}"
EndProject
Global
	GlobalSection(SolutionConfigurationPlatforms) = preSolution
		Debug|Any CPU = Debug|Any CPU
		Debug|x64 = Debug|x64
		Debug|x86 = Debug|x86
		Release|Any CPU = Release|Any CPU
		Release|x64 = Release|x64
		Release|x86 = Release|x86
	EndGlobalSection
	GlobalSection(ProjectConfigurationPlatforms) = postSolution
		{44323BD6-D436-41BC-9B3C-4A419679EAD8}.Debug|Any CPU.ActiveCfg = Debug|Win32
		{44323BD6-D436-41BC-9B3C-4A419679EAD8}.Debug|Any CPU.Build.0 = Debug|Win32
		{44323BD6-D436-41BC-9B3C-4A419679EAD8}.Debug|x64.ActiveCfg = Debug|x64
		{44323BD6-D436-41BC-9B3C-4A419679EAD8}.Debug|x64.Build.0 = Debug|x64
		{44323BD6-D436-41BC-9B3C-4A419679EAD8}.Debug|x86.ActiveCfg = Debug|Win32
		{44323BD6-D436-41BC-9B3C-4A419679EAD8}.Debug|x86.Build.0 = Debug|Win32
		{44323BD6-D436-41BC-9B3C-4A419679EAD8}.Release|Any CPU.ActiveCfg = Release|Win32
		{44323BD6-D436-41BC-9B3C-4A419679EAD8}.Release|Any CPU.Build.0 = Release|Win32
		{44323BD6-D436-41BC-9B3C-4A419679EAD8}.Release|x64.ActiveCfg = Release|x64
		{44323BD6-D436-41BC-9B3C-4A419679EAD8}.Release|x64.Build.0 = Release|x64
		{44323BD6-D436-41BC-9B3C-4A419679EAD8}.Release|x86.ActiveCfg = Release|Win32
		{44323BD6-D436-41BC-9B3C-4A419679EAD8}.Release|x86.Build.0 = Release|Win32
		{180AFDD6-45EB-4D4F-9945-5A9594AFFC34}.Debug|Any CPU.ActiveCfg = Debug|Win32
		{180AFDD6-45EB-4D4F-9945-5A9594AFFC34}.Debug|Any CPU.Build.0 = Debug|Win32
		{180AFDD6-45EB-4D4F-9945-5A9594AFFC34}.Debug|x64.ActiveCfg = Debug|x64
		{180AFDD6-45EB-4D4F-9945-5A9594AFFC34}.Debug|x64.Build.0 = Debug|x64
		{180AFDD6-45EB-4D4F-9945-5A9594AFFC34}.Debug|x86.ActiveCfg = Debug|Win32
		{180AFDD6-45EB-4D4F-9945-5A9594AFFC34}.Debug|x86.Build.0 = Debug|Win32
		{180AFDD6-45EB-4D4F-9945-5A9594AFFC34}.Release|Any CPU.ActiveCfg = Release|Win32
		{180AFDD6-45EB-4D4F-9945-5A9594AFFC34}.Release|Any CPU.Build.0 = Release|Win32
		{180AFDD6-45EB-4D4F-9945-5A9594AFFC34}.Release|x64.ActiveCfg = Release|x64
		{180AFDD6-45EB-4D4F-9945-5A9594AFFC34}.Release|x64.Build.0 = Release|x64
		{180AFDD6-45EB-4D4F-9945-5A9594AFFC34}.Release|x86.ActiveCfg = Release|Win32
		{180AFDD6-45EB-4D4F-9945-5A9594AFFC34}.Release|x86.Build.0 = Release|Win32
		{466CFBC7-2717-437A-AA49-D585AB179564}.Debug|Any CPU.ActiveCfg = Debug|Any CPU
		{466CFBC7-2717-437A-AA49-D585AB179564}.Debug|Any CPU.Build.0 = Debug|Any CPU
		{466CFBC7-2717-437A-AA49-D585AB179564}.Debug|x64.ActiveCfg = Debug|Any CPU
		{466CFBC7-2717-437A-AA49-D585AB179564}.Debug|x64.Build.0 = Debug|Any CPU
		{466CFBC7-2717-437A-AA49-D585AB179564}.Debug|x86.ActiveCfg = Debug|Any CPU
		{466CFBC7-2717-437A-AA49-D585AB179564}.Debug|x86.Build.0 = Debug|Any CPU
		{466CFBC7-2717-437A-AA49-D585AB179564}.Release|Any CPU.ActiveCfg = Release|Any CPU
		{466CFBC7-2717-437A-AA49-D585AB179564}.Release|Any CPU.Build.0 = Release|Any CPU
		{466CFBC7-2717-437A-AA49-D585AB179564}.Release|x64.ActiveCfg = Release|Any CPU
		{466CFBC7-2717-437A-AA49-D585AB179564}.Release|x64.Build.0 = Release|Any CPU
		{466CFBC7-2717-437A-AA49-D585AB179564}.Release|x86.ActiveCfg = Release|Any CPU
		{466CFBC7-2717-437A-AA49-D585AB179564}.Release|x86.Build.0 = Release|Any CPU
		{1C0161EF-5DA5-4494-A95B-B23C60D8E3DF}.Debug|Any CPU.ActiveCfg = Debug|Any CPU
		{1C0161EF-5DA5-4494-A95B-B23C60D8E3DF}.Debug|Any CPU.Build.0 = Debug|Any CPU
		{1C0161EF-5DA5-4494-A95B-B23C60D8E3DF}.Debug|x64.ActiveCfg = Debug|Any CPU
		{1C0161EF-5DA5-4494-A95B-B23C60D8E3DF}.Debug|x64.Build.0 = Debug|Any CPU
		{1C0161EF-5DA5-4494-A95B-B23C60D8E3DF}.Debug|x86.ActiveCfg = Debug|Any CPU
		{1C0161EF-5DA5-4494-A95B-B23C60D8E3DF}.Debug|x86.Build.0 = Debug|Any CPU
		{1C0161EF-5DA5-4494-A95B-B23C60D8E3DF}.Release|Any CPU.ActiveCfg = Release|Any CPU
		{1C0161EF-5DA5-4494-A95B-B23C60D8E3DF}.Release|Any CPU.Build.0 = Release|Any CPU
		{1C0161EF-5DA5-4494-A95B-B23C60D8E3DF}.Release|x64.ActiveCfg = Release|Any CPU
		{1C0161EF-5DA5-4494-A95B-B23C60D8E3DF}.Release|x64.Build.0 = Release|Any CPU
		{1C0161EF-5DA5-4494-A95B-B23C60D8E3DF}.Release|x86.ActiveCfg = Release|Any CPU
		{1C0161EF-5DA5-4494-A95B-B23C60D8E3DF}.Release|x86.Build.0 = Release|Any CPU
		{31BED019-4887-494B-AA59-33ABBF5D1019}.Debug|Any CPU.ActiveCfg = Debug|Any CPU
		{31BED019-4887-494B-AA59-33ABBF5D1019}.Debug|Any CPU.Build.0 = Debug|Any CPU
		{31BED019-4887-494B-AA59-33ABBF5D1019}.Debug|x64.ActiveCfg = Debug|Any CPU
		{31BED019-4887-494B-AA59-33ABBF5D1019}.Debug|x64.Build.0 = Debug|Any CPU
		{31BED019-4887-494B-AA59-33ABBF5D1019}.Debug|x86.ActiveCfg = Debug|Any CPU
		{31BED019-4887-494B-AA59-33ABBF5D1019}.Debug|x86.Build.0 = Debug|Any CPU
		{31BED019-4887-494B-AA59-33ABBF5D1019}.Release|Any CPU.ActiveCfg = Release|Any CPU
		{31BED019-4887-494B-AA59-33ABBF5D1019}.Release|Any CPU.Build.0 = Release|Any CPU
		{31BED019-4887-494B-AA59-33ABBF5D1019}.Release|x64.ActiveCfg = Release|Any CPU
		{31BED019-4887-494B-AA59-33ABBF5D1019}.Release|x64.Build.0 = Release|Any CPU
		{31BED019-4887-494B-AA59-33ABBF5D1019}.Release|x86.ActiveCfg = Release|Any CPU
		{31BED019-4887-494B-AA59-33ABBF5D1019}.Release|x86.Build.0 = Release|Any CPU
		{E05AFFAB-217F-4C02-833C-0FB2EB37DA3B}.Debug|Any CPU.ActiveCfg = Debug|Win32
		{E05AFFAB-217F-4C02-833C-0FB2EB37DA3B}.Debug|x64.ActiveCfg = Debug|x64
		{E05AFFAB-217F-4C02-833C-0FB2EB37DA3B}.Debug|x64.Build.0 = Debug|x64
		{E05AFFAB-217F-4C02-833C-0FB2EB37DA3B}.Debug|x86.ActiveCfg = Debug|Win32
		{E05AFFAB-217F-4C02-833C-0FB2EB37DA3B}.Debug|x86.Build.0 = Debug|Win32
		{E05AFFAB-217F-4C02-833C-0FB2EB37DA3B}.Release|Any CPU.ActiveCfg = Release|Win32
		{E05AFFAB-217F-4C02-833C-0FB2EB37DA3B}.Release|x64.ActiveCfg = Release|x64
		{E05AFFAB-217F-4C02-833C-0FB2EB37DA3B}.Release|x64.Build.0 = Release|x64
		{E05AFFAB-217F-4C02-833C-0FB2EB37DA3B}.Release|x86.ActiveCfg = Release|Win32
		{E05AFFAB-217F-4C02-833C-0FB2EB37DA3B}.Release|x86.Build.0 = Release|Win32
		{8E0C309F-600A-4811-B93B-D9A312CA99FE}.Debug|Any CPU.ActiveCfg = Debug|Win32
		{8E0C309F-600A-4811-B93B-D9A312CA99FE}.Debug|x64.ActiveCfg = Debug|x64
		{8E0C309F-600A-4811-B93B-D9A312CA99FE}.Debug|x64.Build.0 = Debug|x64
		{8E0C309F-600A-4811-B93B-D9A312CA99FE}.Debug|x86.ActiveCfg = Debug|Win32
		{8E0C309F-600A-4811-B93B-D9A312CA99FE}.Debug|x86.Build.0 = Debug|Win32
		{8E0C309F-600A-4811-B93B-D9A312CA99FE}.Release|Any CPU.ActiveCfg = Release|Win32
		{8E0C309F-600A-4811-B93B-D9A312CA99FE}.Release|x64.ActiveCfg = Release|x64
		{8E0C309F-600A-4811-B93B-D9A312CA99FE}.Release|x64.Build.0 = Release|x64
		{8E0C309F-600A-4811-B93B-D9A312CA99FE}.Release|x86.ActiveCfg = Release|Win32
		{8E0C309F-600A-4811-B93B-D9A312CA99FE}.Release|x86.Build.0 = Release|Win32
	EndGlobalSection
	GlobalSection(SolutionProperties) = preSolution
		HideSolutionNode = FALSE
	EndGlobalSection
	GlobalSection(ExtensibilityGlobals) = postSolution
		SolutionGuid = {0B7D29BF-05E0-4540-96D5-6D9C3BB149E7}
	EndGlobalSection
EndGlobal
